
Microsoft Visual Studio Solution File, Format Version 12.00
# Visual Studio Version 17
VisualStudioVersion = 17.9.34616.47
MinimumVisualStudioVersion = 10.0.40219.1
Project("{FAE04EC0-301F-11D3-BF4B-00C04F79EFBC}") = "WorkoutApp", "WorkoutApp.csproj", "{199ECDF0-0D1C-4BD8-906A-EF47CB889708}"
EndProject
Global
	GlobalSection(SolutionConfigurationPlatforms) = preSolution
		Debug|Any CPU = Debug|Any CPU
		Release|Any CPU = Release|Any CPU
	EndGlobalSection
	GlobalSection(ProjectConfigurationPlatforms) = postSolution
		{199ECDF0-0D1C-4BD8-906A-EF47CB889708}.Debug|Any CPU.ActiveCfg = Debug|Any CPU
		{199ECDF0-0D1C-4BD8-906A-EF47CB889708}.Debug|Any CPU.Build.0 = Debug|Any CPU
		{199ECDF0-0D1C-4BD8-906A-EF47CB889708}.Release|Any CPU.ActiveCfg = Release|Any CPU
		{199ECDF0-0D1C-4BD8-906A-EF47CB889708}.Release|Any CPU.Build.0 = Release|Any CPU
	EndGlobalSection
	GlobalSection(SolutionProperties) = preSolution
		HideSolutionNode = FALSE
	EndGlobalSection
	GlobalSection(ExtensibilityGlobals) = postSolution
		SolutionGuid = {B6CD97A1-F1FF-4610-BCD0-1421DAA95635}
	EndGlobalSection
EndGlobal
